<?xml version="1.0" encoding="utf-8"?>
<Project ToolsVersion="4.0" xmlns="http://schemas.microsoft.com/developer/msbuild/2003">
  <ItemGroup>
    <Filter Include="source">
      <UniqueIdentifier>{aebe78ba-1f59-4c02-a22c-0a3a0e01b80f}</UniqueIdentifier>
    </Filter>
    <Filter Include="source\universal">
      <UniqueIdentifier>{170e9c45-a67c-4879-b7cb-ccfaee181fdf}</UniqueIdentifier>
    </Filter>
    <Filter Include="source\Core">
      <UniqueIdentifier>{756446d9-0e15-44fa-a221-c01a5954f667}</UniqueIdentifier>
    </Filter>
    <Filter Include="source\Interface">
      <UniqueIdentifier>{b1f81314-472e-41f3-bfdb-2d898949a664}</UniqueIdentifier>
    </Filter>
    <Filter Include="source\RHI">
      <UniqueIdentifier>{3aa78427-fac6-4ba4-b425-cec55bdc4e36}</UniqueIdentifier>
    </Filter>
    <Filter Include="source\Graphics">
      <UniqueIdentifier>{ad44f282-0b40-48bc-87f7-cf6afcbdc298}</UniqueIdentifier>
    </Filter>
    <Filter Include="source\DrawPass">
      <UniqueIdentifier>{dd782f83-99de-43bb-bc77-33b3b7a8adc7}</UniqueIdentifier>
    </Filter>
    <Filter Include="source\SceneGraph">
      <UniqueIdentifier>{967736ca-e992-497d-98ed-3b4745c3cf75}</UniqueIdentifier>
    </Filter>
  </ItemGroup>
  <ItemGroup>
    <ClCompile Include="source\dummy.cpp">
      <Filter>source</Filter>
    </ClCompile>
    <ClCompile Include="source\universal\dvar_api.cpp">
      <Filter>source\universal</Filter>
    </ClCompile>
    <ClCompile Include="source\Core\camera.cpp">
      <Filter>source\Core</Filter>
    </ClCompile>
    <ClCompile Include="source\Core\FileManager.cpp">
      <Filter>source\Core</Filter>
    </ClCompile>
    <ClCompile Include="source\Core\com_misc.cpp">
      <Filter>source\Core</Filter>
    </ClCompile>
    <ClCompile Include="source\Core\editor.cpp">
      <Filter>source\Core</Filter>
    </ClCompile>
    <ClCompile Include="source\Core\geometry.cpp">
      <Filter>source\Core</Filter>
    </ClCompile>
    <ClCompile Include="source\Core\main.cpp">
      <Filter>source\Core</Filter>
    </ClCompile>
    <ClCompile Include="source\Core\WindowManager.cpp">
      <Filter>source\Core</Filter>
    </ClCompile>
    <ClCompile Include="source\Core\BaseManager.cpp">
      <Filter>source\Core</Filter>
    </ClCompile>
    <ClCompile Include="source\RHI\OpenGLPipelineStateManager.cpp">
      <Filter>source\RHI</Filter>
    </ClCompile>
    <ClCompile Include="source\Graphics\gl_utils.cpp">
      <Filter>source\Graphics</Filter>
    </ClCompile>
    <ClCompile Include="source\Graphics\GpuTexture.cpp">
      <Filter>source\Graphics</Filter>
    </ClCompile>
    <ClCompile Include="source\Graphics\MainRenderer.cpp">
      <Filter>source\Graphics</Filter>
    </ClCompile>
    <ClCompile Include="source\Graphics\PipelineStateManager.cpp">
      <Filter>source\Graphics</Filter>
    </ClCompile>
    <ClCompile Include="source\Graphics\r_cbuffers.cpp">
      <Filter>source\Graphics</Filter>
    </ClCompile>
    <ClCompile Include="source\Graphics\r_rendertarget.cpp">
      <Filter>source\Graphics</Filter>
    </ClCompile>
    <ClCompile Include="source\RHI\OpenGLGraphicsManager.cpp">
      <Filter>source\RHI</Filter>
    </ClCompile>
    <ClCompile Include="source\Graphics\GraphicsManager.cpp">
      <Filter>source\Graphics</Filter>
    </ClCompile>
    <ClCompile Include="source\DrawPass\BaseDrawPass.cpp">
      <Filter>source\DrawPass</Filter>
    </ClCompile>
    <ClCompile Include="source\DrawPass\ShadowMapPass.cpp">
      <Filter>source\DrawPass</Filter>
    </ClCompile>
    <ClCompile Include="source\DrawPass\SSAOPass.cpp">
      <Filter>source\DrawPass</Filter>
    </ClCompile>
    <ClCompile Include="source\DrawPass\DeferredPass.cpp">
      <Filter>source\DrawPass</Filter>
    </ClCompile>
    <ClCompile Include="source\DrawPass\GBufferPass.cpp">
      <Filter>source\DrawPass</Filter>
    </ClCompile>
    <ClCompile Include="source\DrawPass\VoxelizationPass.cpp">
      <Filter>source\DrawPass</Filter>
    </ClCompile>
    <ClCompile Include="source\DrawPass\OverlayPass.cpp">
      <Filter>source\DrawPass</Filter>
    </ClCompile>
    <ClCompile Include="source\DrawPass\GuiPass.cpp">
      <Filter>source\DrawPass</Filter>
    </ClCompile>
    <ClCompile Include="source\SceneGraph\Entity.cpp">
      <Filter>source\SceneGraph</Filter>
    </ClCompile>
    <ClCompile Include="source\Core\GeomMath.cpp">
      <Filter>source\Core</Filter>
    </ClCompile>
    <ClCompile Include="source\SceneGraph\Scene.cpp">
      <Filter>source\SceneGraph</Filter>
    </ClCompile>
    <ClCompile Include="source\Core\AssimpLoader.cpp">
      <Filter>source\Core</Filter>
    </ClCompile>
    <ClCompile Include="source\RHI\imgui_impl_opengl3.cpp">
      <Filter>source\RHI</Filter>
    </ClCompile>
    <ClCompile Include="source\Core\imgui_impl_glfw.cpp">
      <Filter>source\Core</Filter>
    </ClCompile>
  </ItemGroup>
  <ItemGroup>
    <ClInclude Include="source\universal\dvar_api.h">
      <Filter>source\universal</Filter>
    </ClInclude>
    <ClInclude Include="source\universal\dvar_begin.h">
      <Filter>source\universal</Filter>
    </ClInclude>
    <ClInclude Include="source\universal\dvar_end.h">
      <Filter>source\universal</Filter>
    </ClInclude>
    <ClInclude Include="source\Core\camera.h">
      <Filter>source\Core</Filter>
    </ClInclude>
    <ClInclude Include="source\Core\com_dvars.h">
      <Filter>source\Core</Filter>
    </ClInclude>
    <ClInclude Include="source\Core\FileManager.h">
      <Filter>source\Core</Filter>
    </ClInclude>
    <ClInclude Include="source\Core\com_misc.h">
      <Filter>source\Core</Filter>
    </ClInclude>
    <ClInclude Include="source\Core\editor.h">
      <Filter>source\Core</Filter>
    </ClInclude>
    <ClInclude Include="source\Core\geometry.h">
      <Filter>source\Core</Filter>
    </ClInclude>
    <ClInclude Include="source\Core\WindowManager.h">
      <Filter>source\Core</Filter>
    </ClInclude>
    <ClInclude Include="source\Interface\IRuntimeModule.hpp">
      <Filter>source\Interface</Filter>
    </ClInclude>
    <ClInclude Include="source\Core\BaseManager.hpp">
      <Filter>source\Core</Filter>
    </ClInclude>
    <ClInclude Include="source\RHI\OpenGLPipelineStateManager.hpp">
      <Filter>source\RHI</Filter>
    </ClInclude>
    <ClInclude Include="source\Graphics\gl_utils.h">
      <Filter>source\Graphics</Filter>
    </ClInclude>
    <ClInclude Include="source\Graphics\GpuTexture.h">
      <Filter>source\Graphics</Filter>
    </ClInclude>
    <ClInclude Include="source\Graphics\GraphicsManager.hpp">
      <Filter>source\Graphics</Filter>
    </ClInclude>
    <ClInclude Include="source\Graphics\MainRenderer.h">
      <Filter>source\Graphics</Filter>
    </ClInclude>
    <ClInclude Include="source\Graphics\PipelineStateManager.hpp">
      <Filter>source\Graphics</Filter>
    </ClInclude>
    <ClInclude Include="source\Graphics\r_cbuffers.h">
      <Filter>source\Graphics</Filter>
    </ClInclude>
    <ClInclude Include="source\Graphics\r_rendertarget.h">
      <Filter>source\Graphics</Filter>
    </ClInclude>
    <ClInclude Include="source\Graphics\stb_image.h">
      <Filter>source\Graphics</Filter>
    </ClInclude>
    <ClInclude Include="source\RHI\OpenGLGraphicsManager.hpp">
      <Filter>source\RHI</Filter>
    </ClInclude>
    <ClInclude Include="source\DrawPass\BaseDrawPass.hpp">
      <Filter>source\DrawPass</Filter>
    </ClInclude>
    <ClInclude Include="source\DrawPass\ShadowMapPass.hpp">
      <Filter>source\DrawPass</Filter>
    </ClInclude>
    <ClInclude Include="source\DrawPass\SSAOPass.hpp">
      <Filter>source\DrawPass</Filter>
    </ClInclude>
    <ClInclude Include="source\DrawPass\DeferredPass.hpp">
      <Filter>source\DrawPass</Filter>
    </ClInclude>
    <ClInclude Include="source\DrawPass\GBufferPass.hpp">
      <Filter>source\DrawPass</Filter>
    </ClInclude>
    <ClInclude Include="source\Interface\IGraphicsManager.hpp">
      <Filter>source\Interface</Filter>
    </ClInclude>
    <ClInclude Include="source\Interface\IPipelineStateManager.hpp">
      <Filter>source\Interface</Filter>
    </ClInclude>
    <ClInclude Include="source\DrawPass\VoxelizationPass.hpp">
      <Filter>source\DrawPass</Filter>
    </ClInclude>
    <ClInclude Include="source\DrawPass\OverlayPass.hpp">
      <Filter>source\DrawPass</Filter>
    </ClInclude>
    <ClInclude Include="source\DrawPass\GuiPass.hpp">
      <Filter>source\DrawPass</Filter>
    </ClInclude>
    <ClInclude Include="source\SceneGraph\Entity.hpp">
      <Filter>source\SceneGraph</Filter>
    </ClInclude>
    <ClInclude Include="source\Core\GeomMath.hpp">
      <Filter>source\Core</Filter>
    </ClInclude>
    <ClInclude Include="source\SceneGraph\Scene.hpp">
      <Filter>source\SceneGraph</Filter>
    </ClInclude>
    <ClInclude Include="source\Core\AssimpLoader.hpp">
      <Filter>source\Core</Filter>
    </ClInclude>
    <ClInclude Include="source\RHI\imgui_impl_opengl3.h">
      <Filter>source\RHI</Filter>
    </ClInclude>
    <ClInclude Include="source\Core\imgui_impl_glfw.h">
      <Filter>source\Core</Filter>
    </ClInclude>
    <ClInclude Include="source\RHI\imgui_impl_opengl3_loader.h">
      <Filter>source\RHI</Filter>
    </ClInclude>
  </ItemGroup>
</Project>