<?xml version="1.0" encoding="utf-8"?>
<Project ToolsVersion="4.0" xmlns="http://schemas.microsoft.com/developer/msbuild/2003">
  <ItemGroup>
    <Filter Include="source">
      <UniqueIdentifier>{aebe78ba-1f59-4c02-a22c-0a3a0e01b80f}</UniqueIdentifier>
    </Filter>
    <Filter Include="source\imgui">
      <UniqueIdentifier>{e04d8fdb-0ba5-434b-a693-fba893bc057e}</UniqueIdentifier>
    </Filter>
    <Filter Include="source\scene">
      <UniqueIdentifier>{68dab9e1-cc2b-4496-bf88-a9594529bfe6}</UniqueIdentifier>
    </Filter>
    <Filter Include="source\universal">
      <UniqueIdentifier>{170e9c45-a67c-4879-b7cb-ccfaee181fdf}</UniqueIdentifier>
    </Filter>
    <Filter Include="source\Core">
      <UniqueIdentifier>{756446d9-0e15-44fa-a221-c01a5954f667}</UniqueIdentifier>
    </Filter>
    <Filter Include="source\Interface">
      <UniqueIdentifier>{b1f81314-472e-41f3-bfdb-2d898949a664}</UniqueIdentifier>
    </Filter>
    <Filter Include="source\RHI">
      <UniqueIdentifier>{3aa78427-fac6-4ba4-b425-cec55bdc4e36}</UniqueIdentifier>
    </Filter>
    <Filter Include="source\Graphics">
      <UniqueIdentifier>{ad44f282-0b40-48bc-87f7-cf6afcbdc298}</UniqueIdentifier>
    </Filter>
  </ItemGroup>
  <ItemGroup>
    <ClCompile Include="source\dummy.cpp">
      <Filter>source</Filter>
    </ClCompile>
    <ClCompile Include="source\imgui\imgui.cpp">
      <Filter>source\imgui</Filter>
    </ClCompile>
    <ClCompile Include="source\imgui\imgui_draw.cpp">
      <Filter>source\imgui</Filter>
    </ClCompile>
    <ClCompile Include="source\imgui\imgui_tables.cpp">
      <Filter>source\imgui</Filter>
    </ClCompile>
    <ClCompile Include="source\imgui\imgui_widgets.cpp">
      <Filter>source\imgui</Filter>
    </ClCompile>
    <ClCompile Include="source\scene\scene_loader.cpp">
      <Filter>source\scene</Filter>
    </ClCompile>
    <ClCompile Include="source\universal\core_math.cpp">
      <Filter>source\universal</Filter>
    </ClCompile>
    <ClCompile Include="source\universal\dvar_api.cpp">
      <Filter>source\universal</Filter>
    </ClCompile>
    <ClCompile Include="source\Core\camera.cpp">
      <Filter>source\Core</Filter>
    </ClCompile>
    <ClCompile Include="source\Core\FileManager.cpp">
      <Filter>source\Core</Filter>
    </ClCompile>
    <ClCompile Include="source\Core\com_misc.cpp">
      <Filter>source\Core</Filter>
    </ClCompile>
    <ClCompile Include="source\Core\editor.cpp">
      <Filter>source\Core</Filter>
    </ClCompile>
    <ClCompile Include="source\Core\geometry.cpp">
      <Filter>source\Core</Filter>
    </ClCompile>
    <ClCompile Include="source\Core\imgui_impl_glfw.cpp">
      <Filter>source\Core</Filter>
    </ClCompile>
    <ClCompile Include="source\Core\main.cpp">
      <Filter>source\Core</Filter>
    </ClCompile>
    <ClCompile Include="source\Core\WindowManager.cpp">
      <Filter>source\Core</Filter>
    </ClCompile>
    <ClCompile Include="source\Core\BaseManager.cpp">
      <Filter>source\Core</Filter>
    </ClCompile>
    <ClCompile Include="source\RHI\GLPipelineStateManager.cpp">
      <Filter>source\RHI</Filter>
    </ClCompile>
    <ClCompile Include="source\Graphics\gl_utils.cpp">
      <Filter>source\Graphics</Filter>
    </ClCompile>
    <ClCompile Include="source\Graphics\GpuTexture.cpp">
      <Filter>source\Graphics</Filter>
    </ClCompile>
    <ClCompile Include="source\Graphics\imgui_impl_opengl3.cpp">
      <Filter>source\Graphics</Filter>
    </ClCompile>
    <ClCompile Include="source\Graphics\MainRenderer.cpp">
      <Filter>source\Graphics</Filter>
    </ClCompile>
    <ClCompile Include="source\Graphics\PipelineStateManager.cpp">
      <Filter>source\Graphics</Filter>
    </ClCompile>
    <ClCompile Include="source\Graphics\r_cbuffers.cpp">
      <Filter>source\Graphics</Filter>
    </ClCompile>
    <ClCompile Include="source\Graphics\r_editor.cpp">
      <Filter>source\Graphics</Filter>
    </ClCompile>
    <ClCompile Include="source\Graphics\r_passes.cpp">
      <Filter>source\Graphics</Filter>
    </ClCompile>
    <ClCompile Include="source\Graphics\r_rendertarget.cpp">
      <Filter>source\Graphics</Filter>
    </ClCompile>
    <ClCompile Include="source\Graphics\r_sun_shadow.cpp">
      <Filter>source\Graphics</Filter>
    </ClCompile>
    <ClCompile Include="source\RHI\GLGraphicsManager.cpp">
      <Filter>source\RHI</Filter>
    </ClCompile>
  </ItemGroup>
  <ItemGroup>
    <ClInclude Include="source\imgui\imconfig.h">
      <Filter>source\imgui</Filter>
    </ClInclude>
    <ClInclude Include="source\imgui\imgui.h">
      <Filter>source\imgui</Filter>
    </ClInclude>
    <ClInclude Include="source\imgui\imgui_internal.h">
      <Filter>source\imgui</Filter>
    </ClInclude>
    <ClInclude Include="source\imgui\imstb_rectpack.h">
      <Filter>source\imgui</Filter>
    </ClInclude>
    <ClInclude Include="source\imgui\imstb_textedit.h">
      <Filter>source\imgui</Filter>
    </ClInclude>
    <ClInclude Include="source\imgui\imstb_truetype.h">
      <Filter>source\imgui</Filter>
    </ClInclude>
    <ClInclude Include="source\scene\scene_loader.h">
      <Filter>source\scene</Filter>
    </ClInclude>
    <ClInclude Include="source\universal\core_math.h">
      <Filter>source\universal</Filter>
    </ClInclude>
    <ClInclude Include="source\universal\dvar_api.h">
      <Filter>source\universal</Filter>
    </ClInclude>
    <ClInclude Include="source\universal\dvar_begin.h">
      <Filter>source\universal</Filter>
    </ClInclude>
    <ClInclude Include="source\universal\dvar_end.h">
      <Filter>source\universal</Filter>
    </ClInclude>
    <ClInclude Include="source\Core\camera.h">
      <Filter>source\Core</Filter>
    </ClInclude>
    <ClInclude Include="source\Core\com_dvars.h">
      <Filter>source\Core</Filter>
    </ClInclude>
    <ClInclude Include="source\Core\FileManager.h">
      <Filter>source\Core</Filter>
    </ClInclude>
    <ClInclude Include="source\Core\com_misc.h">
      <Filter>source\Core</Filter>
    </ClInclude>
    <ClInclude Include="source\Core\editor.h">
      <Filter>source\Core</Filter>
    </ClInclude>
    <ClInclude Include="source\Core\geometry.h">
      <Filter>source\Core</Filter>
    </ClInclude>
    <ClInclude Include="source\Core\imgui_impl_glfw.h">
      <Filter>source\Core</Filter>
    </ClInclude>
    <ClInclude Include="source\Core\scene.h">
      <Filter>source\Core</Filter>
    </ClInclude>
    <ClInclude Include="source\Core\scene_components.h">
      <Filter>source\Core</Filter>
    </ClInclude>
    <ClInclude Include="source\Core\WindowManager.h">
      <Filter>source\Core</Filter>
    </ClInclude>
    <ClInclude Include="source\Interface\Interface.hpp">
      <Filter>source\Interface</Filter>
    </ClInclude>
    <ClInclude Include="source\Interface\IRuntimeModule.hpp">
      <Filter>source\Interface</Filter>
    </ClInclude>
    <ClInclude Include="source\Core\BaseManager.hpp">
      <Filter>source\Core</Filter>
    </ClInclude>
    <ClInclude Include="source\RHI\GLPipelineStateManager.hpp">
      <Filter>source\RHI</Filter>
    </ClInclude>
    <ClInclude Include="source\Graphics\gl_utils.h">
      <Filter>source\Graphics</Filter>
    </ClInclude>
    <ClInclude Include="source\Graphics\GLPrerequisites.h">
      <Filter>source\Graphics</Filter>
    </ClInclude>
    <ClInclude Include="source\Graphics\GpuResource.h">
      <Filter>source\Graphics</Filter>
    </ClInclude>
    <ClInclude Include="source\Graphics\GpuTexture.h">
      <Filter>source\Graphics</Filter>
    </ClInclude>
    <ClInclude Include="source\Graphics\GraphicsManager.hpp">
      <Filter>source\Graphics</Filter>
    </ClInclude>
    <ClInclude Include="source\Graphics\imgui_impl_opengl3.h">
      <Filter>source\Graphics</Filter>
    </ClInclude>
    <ClInclude Include="source\Graphics\MainRenderer.h">
      <Filter>source\Graphics</Filter>
    </ClInclude>
    <ClInclude Include="source\Graphics\PipelineStateManager.hpp">
      <Filter>source\Graphics</Filter>
    </ClInclude>
    <ClInclude Include="source\Graphics\r_cbuffers.h">
      <Filter>source\Graphics</Filter>
    </ClInclude>
    <ClInclude Include="source\Graphics\r_defines.h">
      <Filter>source\Graphics</Filter>
    </ClInclude>
    <ClInclude Include="source\Graphics\r_editor.h">
      <Filter>source\Graphics</Filter>
    </ClInclude>
    <ClInclude Include="source\Graphics\r_passes.h">
      <Filter>source\Graphics</Filter>
    </ClInclude>
    <ClInclude Include="source\Graphics\r_rendertarget.h">
      <Filter>source\Graphics</Filter>
    </ClInclude>
    <ClInclude Include="source\Graphics\r_sun_shadow.h">
      <Filter>source\Graphics</Filter>
    </ClInclude>
    <ClInclude Include="source\Graphics\stb_image.h">
      <Filter>source\Graphics</Filter>
    </ClInclude>
    <ClInclude Include="source\RHI\GLGraphicsManager.hpp">
      <Filter>source\RHI</Filter>
    </ClInclude>
  </ItemGroup>
</Project>