<?xml version="1.0" encoding="utf-8"?>
<Project ToolsVersion="4.0" xmlns="http://schemas.microsoft.com/developer/msbuild/2003">
  <ItemGroup>
    <Filter Include="Core">
      <UniqueIdentifier>{7df83d14-2dad-4f4e-b008-30a15b75002f}</UniqueIdentifier>
    </Filter>
    <Filter Include="DrawPass">
      <UniqueIdentifier>{0458f03c-90a6-40e9-ac15-cc26f3eb967a}</UniqueIdentifier>
    </Filter>
    <Filter Include="Graphics">
      <UniqueIdentifier>{0fcdd87c-9745-403d-bbaa-8be083f199c1}</UniqueIdentifier>
    </Filter>
    <Filter Include="Interface">
      <UniqueIdentifier>{e27aa55d-6160-4006-9ecc-17dfba6585f4}</UniqueIdentifier>
    </Filter>
    <Filter Include="RHI">
      <UniqueIdentifier>{c0612726-558d-44c4-b42e-6d83c86ce235}</UniqueIdentifier>
    </Filter>
    <Filter Include="SceneGraph">
      <UniqueIdentifier>{60b0d8ba-57d2-4ddf-9399-be69dd83a239}</UniqueIdentifier>
    </Filter>
    <Filter Include="Base">
      <UniqueIdentifier>{d87e43d4-ea49-49e2-b38b-c2aa2b283447}</UniqueIdentifier>
    </Filter>
    <Filter Include="Manager">
      <UniqueIdentifier>{ea50f017-600a-490e-a8e3-a008b0de28b3}</UniqueIdentifier>
    </Filter>
    <Filter Include="RHI\OpenGL">
      <UniqueIdentifier>{7ab9ccb6-5680-472c-823c-3275b241b8eb}</UniqueIdentifier>
    </Filter>
    <Filter Include="RHI\D3d11">
      <UniqueIdentifier>{1e1c8820-c031-4e7c-be98-d573d1254d9c}</UniqueIdentifier>
    </Filter>
    <Filter Include="RHI\D3d12">
      <UniqueIdentifier>{0efd67e9-7bba-47c3-8a43-48761c9e3d96}</UniqueIdentifier>
    </Filter>
  </ItemGroup>
  <ItemGroup>
    <ClCompile Include="Core\AssimpLoader.cpp">
      <Filter>Core</Filter>
    </ClCompile>
    <ClCompile Include="Core\camera.cpp">
      <Filter>Core</Filter>
    </ClCompile>
    <ClCompile Include="Core\dvar_api.cpp">
      <Filter>Core</Filter>
    </ClCompile>
    <ClCompile Include="Core\geometry.cpp">
      <Filter>Core</Filter>
    </ClCompile>
    <ClCompile Include="Core\GeomMath.cpp">
      <Filter>Core</Filter>
    </ClCompile>
    <ClCompile Include="Core\imgui_impl_glfw.cpp">
      <Filter>Core</Filter>
    </ClCompile>
    <ClCompile Include="Core\GlfwApplication.cpp">
      <Filter>Core</Filter>
    </ClCompile>
    <ClCompile Include="SceneGraph\Entity.cpp">
      <Filter>SceneGraph</Filter>
    </ClCompile>
    <ClCompile Include="SceneGraph\Scene.cpp">
      <Filter>SceneGraph</Filter>
    </ClCompile>
    <ClCompile Include="Graphics\gl_utils.cpp">
      <Filter>Graphics</Filter>
    </ClCompile>
    <ClCompile Include="Graphics\GpuTexture.cpp">
      <Filter>Graphics</Filter>
    </ClCompile>
    <ClCompile Include="Graphics\MainRenderer.cpp">
      <Filter>Graphics</Filter>
    </ClCompile>
    <ClCompile Include="Graphics\r_cbuffers.cpp">
      <Filter>Graphics</Filter>
    </ClCompile>
    <ClCompile Include="Graphics\r_rendertarget.cpp">
      <Filter>Graphics</Filter>
    </ClCompile>
    <ClCompile Include="DrawPass\BaseDrawPass.cpp">
      <Filter>DrawPass</Filter>
    </ClCompile>
    <ClCompile Include="DrawPass\DeferredPass.cpp">
      <Filter>DrawPass</Filter>
    </ClCompile>
    <ClCompile Include="DrawPass\ForwardPass.cpp">
      <Filter>DrawPass</Filter>
    </ClCompile>
    <ClCompile Include="DrawPass\GuiPass.cpp">
      <Filter>DrawPass</Filter>
    </ClCompile>
    <ClCompile Include="DrawPass\OverlayPass.cpp">
      <Filter>DrawPass</Filter>
    </ClCompile>
    <ClCompile Include="DrawPass\ShadowMapPass.cpp">
      <Filter>DrawPass</Filter>
    </ClCompile>
    <ClCompile Include="DrawPass\VoxelizationPass.cpp">
      <Filter>DrawPass</Filter>
    </ClCompile>
    <ClCompile Include="Base\Asserts.cpp">
      <Filter>Base</Filter>
    </ClCompile>
    <ClCompile Include="Base\Logger.cpp">
      <Filter>Base</Filter>
    </ClCompile>
    <ClCompile Include="Manager\BaseApplication.cpp">
      <Filter>Manager</Filter>
    </ClCompile>
    <ClCompile Include="Manager\GraphicsManager.cpp">
      <Filter>Manager</Filter>
    </ClCompile>
    <ClCompile Include="Manager\PipelineStateManager.cpp">
      <Filter>Manager</Filter>
    </ClCompile>
    <ClCompile Include="Manager\AssetLoader.cpp">
      <Filter>Manager</Filter>
    </ClCompile>
    <ClCompile Include="Manager\SceneManager.cpp">
      <Filter>Manager</Filter>
    </ClCompile>
    <ClCompile Include="RHI\D3d11\D3d11GraphicsManager.cpp">
      <Filter>RHI\D3d11</Filter>
    </ClCompile>
    <ClCompile Include="RHI\D3d11\D3d11PipelineStateManager.cpp">
      <Filter>RHI\D3d11</Filter>
    </ClCompile>
    <ClCompile Include="RHI\D3d11\imgui_impl_dx11.cpp">
      <Filter>RHI\D3d11</Filter>
    </ClCompile>
    <ClCompile Include="RHI\OpenGL\imgui_impl_opengl3.cpp">
      <Filter>RHI\OpenGL</Filter>
    </ClCompile>
    <ClCompile Include="RHI\OpenGL\OpenGLGraphicsManager.cpp">
      <Filter>RHI\OpenGL</Filter>
    </ClCompile>
    <ClCompile Include="RHI\OpenGL\OpenGLPipelineStateManager.cpp">
      <Filter>RHI\OpenGL</Filter>
    </ClCompile>
    <ClCompile Include="RHI\D3dCommon.cpp">
      <Filter>RHI</Filter>
    </ClCompile>
    <ClCompile Include="RHI\D3d12\D3d12GraphicsManager.cpp">
      <Filter>RHI\D3d12</Filter>
    </ClCompile>
    <ClCompile Include="RHI\D3d12\D3d12PipelineStateManager.cpp">
      <Filter>RHI\D3d12</Filter>
    </ClCompile>
    <ClCompile Include="RHI\D3d12\imgui_impl_dx12.cpp">
      <Filter>RHI\D3d12</Filter>
    </ClCompile>
    <ClCompile Include="Core\Image.cpp">
      <Filter>Core</Filter>
    </ClCompile>
  </ItemGroup>
  <ItemGroup>
    <ClInclude Include="Core\AssimpLoader.hpp">
      <Filter>Core</Filter>
    </ClInclude>
    <ClInclude Include="Core\camera.h">
      <Filter>Core</Filter>
    </ClInclude>
    <ClInclude Include="Core\com_dvars.h">
      <Filter>Core</Filter>
    </ClInclude>
    <ClInclude Include="Core\dvar_api.h">
      <Filter>Core</Filter>
    </ClInclude>
    <ClInclude Include="Core\dvar_begin.h">
      <Filter>Core</Filter>
    </ClInclude>
    <ClInclude Include="Core\dvar_end.h">
      <Filter>Core</Filter>
    </ClInclude>
    <ClInclude Include="Core\geometry.h">
      <Filter>Core</Filter>
    </ClInclude>
    <ClInclude Include="Core\GeomMath.hpp">
      <Filter>Core</Filter>
    </ClInclude>
    <ClInclude Include="Core\imgui_impl_glfw.h">
      <Filter>Core</Filter>
    </ClInclude>
    <ClInclude Include="Core\GlfwApplication.hpp">
      <Filter>Core</Filter>
    </ClInclude>
    <ClInclude Include="SceneGraph\Entity.hpp">
      <Filter>SceneGraph</Filter>
    </ClInclude>
    <ClInclude Include="SceneGraph\Scene.hpp">
      <Filter>SceneGraph</Filter>
    </ClInclude>
    <ClInclude Include="Interface\IGraphicsManager.hpp">
      <Filter>Interface</Filter>
    </ClInclude>
    <ClInclude Include="Interface\IPipelineStateManager.hpp">
      <Filter>Interface</Filter>
    </ClInclude>
    <ClInclude Include="Interface\IRuntimeModule.hpp">
      <Filter>Interface</Filter>
    </ClInclude>
    <ClInclude Include="Graphics\FrameStructure.hpp">
      <Filter>Graphics</Filter>
    </ClInclude>
    <ClInclude Include="Graphics\gl_utils.h">
      <Filter>Graphics</Filter>
    </ClInclude>
    <ClInclude Include="Graphics\GpuTexture.h">
      <Filter>Graphics</Filter>
    </ClInclude>
    <ClInclude Include="Graphics\MainRenderer.h">
      <Filter>Graphics</Filter>
    </ClInclude>
    <ClInclude Include="Graphics\r_cbuffers.h">
      <Filter>Graphics</Filter>
    </ClInclude>
    <ClInclude Include="Graphics\r_rendertarget.h">
      <Filter>Graphics</Filter>
    </ClInclude>
    <ClInclude Include="DrawPass\BaseDrawPass.hpp">
      <Filter>DrawPass</Filter>
    </ClInclude>
    <ClInclude Include="DrawPass\DeferredPass.hpp">
      <Filter>DrawPass</Filter>
    </ClInclude>
    <ClInclude Include="DrawPass\ForwardPass.hpp">
      <Filter>DrawPass</Filter>
    </ClInclude>
    <ClInclude Include="DrawPass\GuiPass.hpp">
      <Filter>DrawPass</Filter>
    </ClInclude>
    <ClInclude Include="DrawPass\OverlayPass.hpp">
      <Filter>DrawPass</Filter>
    </ClInclude>
    <ClInclude Include="DrawPass\ShadowMapPass.hpp">
      <Filter>DrawPass</Filter>
    </ClInclude>
    <ClInclude Include="DrawPass\VoxelizationPass.hpp">
      <Filter>DrawPass</Filter>
    </ClInclude>
    <ClInclude Include="Base\Asserts.h">
      <Filter>Base</Filter>
    </ClInclude>
    <ClInclude Include="Base\Defines.h">
      <Filter>Base</Filter>
    </ClInclude>
    <ClInclude Include="Base\Logger.h">
      <Filter>Base</Filter>
    </ClInclude>
    <ClInclude Include="Manager\BaseApplication.hpp">
      <Filter>Manager</Filter>
    </ClInclude>
    <ClInclude Include="Manager\GraphicsManager.hpp">
      <Filter>Manager</Filter>
    </ClInclude>
    <ClInclude Include="Manager\PipelineStateManager.hpp">
      <Filter>Manager</Filter>
    </ClInclude>
    <ClInclude Include="Manager\AssetLoader.hpp">
      <Filter>Manager</Filter>
    </ClInclude>
    <ClInclude Include="Interface\IAssetLoader.hpp">
      <Filter>Interface</Filter>
    </ClInclude>
    <ClInclude Include="Interface\IApplication.hpp">
      <Filter>Interface</Filter>
    </ClInclude>
    <ClInclude Include="Interface\ISceneManager.hpp">
      <Filter>Interface</Filter>
    </ClInclude>
    <ClInclude Include="Manager\SceneManager.hpp">
      <Filter>Manager</Filter>
    </ClInclude>
    <ClInclude Include="Interface\IGameLogic.hpp">
      <Filter>Interface</Filter>
    </ClInclude>
    <ClInclude Include="Manager\GameLogic.hpp">
      <Filter>Manager</Filter>
    </ClInclude>
    <ClInclude Include="Core\Configuration.hpp">
      <Filter>Core</Filter>
    </ClInclude>
    <ClInclude Include="RHI\D3d11\D3d11GraphicsManager.hpp">
      <Filter>RHI\D3d11</Filter>
    </ClInclude>
    <ClInclude Include="RHI\D3d11\D3d11PipelineStateManager.hpp">
      <Filter>RHI\D3d11</Filter>
    </ClInclude>
    <ClInclude Include="RHI\D3d11\imgui_impl_dx11.h">
      <Filter>RHI\D3d11</Filter>
    </ClInclude>
    <ClInclude Include="RHI\OpenGL\imgui_impl_opengl3.h">
      <Filter>RHI\OpenGL</Filter>
    </ClInclude>
    <ClInclude Include="RHI\OpenGL\imgui_impl_opengl3_loader.h">
      <Filter>RHI\OpenGL</Filter>
    </ClInclude>
    <ClInclude Include="RHI\OpenGL\OpenGLGraphicsManager.hpp">
      <Filter>RHI\OpenGL</Filter>
    </ClInclude>
    <ClInclude Include="RHI\OpenGL\OpenGLPipelineStateManager.hpp">
      <Filter>RHI\OpenGL</Filter>
    </ClInclude>
    <ClInclude Include="RHI\ConfigBackend.hpp">
      <Filter>RHI</Filter>
    </ClInclude>
    <ClInclude Include="Base\StringUtils.hpp">
      <Filter>Base</Filter>
    </ClInclude>
    <ClInclude Include="RHI\D3dCommon.hpp">
      <Filter>RHI</Filter>
    </ClInclude>
    <ClInclude Include="RHI\D3d12\D3d12GraphicsManager.hpp">
      <Filter>RHI\D3d12</Filter>
    </ClInclude>
    <ClInclude Include="RHI\D3d12\D3d12PipelineStateManager.hpp">
      <Filter>RHI\D3d12</Filter>
    </ClInclude>
    <ClInclude Include="RHI\D3d12\imgui_impl_dx12.h">
      <Filter>RHI\D3d12</Filter>
    </ClInclude>
    <ClInclude Include="Core\Image.hpp">
      <Filter>Core</Filter>
    </ClInclude>
    <ClInclude Include="Core\stb_image.h">
      <Filter>Core</Filter>
    </ClInclude>
    <ClInclude Include="Graphics\cbuffer.shader.hpp">
      <Filter>Graphics</Filter>
    </ClInclude>
  </ItemGroup>
</Project>